
Microsoft Visual Studio Solution File, Format Version 12.00
# Visual Studio Version 17
VisualStudioVersion = 17.8.34525.116
MinimumVisualStudioVersion = 10.0.40219.1
Project("{FAE04EC0-301F-11D3-BF4B-00C04F79EFBC}") = "Calculadora", "Calculadora\Calculadora.csproj", "{6B0D6EBF-AB46-4BCB-BABA-F5C954E576F8}"
EndProject
Global
	GlobalSection(SolutionConfigurationPlatforms) = preSolution
		Debug|Any CPU = Debug|Any CPU
		Release|Any CPU = Release|Any CPU
	EndGlobalSection
	GlobalSection(ProjectConfigurationPlatforms) = postSolution
		{6B0D6EBF-AB46-4BCB-BABA-F5C954E576F8}.Debug|Any CPU.ActiveCfg = Debug|Any CPU
		{6B0D6EBF-AB46-4BCB-BABA-F5C954E576F8}.Debug|Any CPU.Build.0 = Debug|Any CPU
		{6B0D6EBF-AB46-4BCB-BABA-F5C954E576F8}.Debug|Any CPU.Deploy.0 = Debug|Any CPU
		{6B0D6EBF-AB46-4BCB-BABA-F5C954E576F8}.Release|Any CPU.ActiveCfg = Release|Any CPU
		{6B0D6EBF-AB46-4BCB-BABA-F5C954E576F8}.Release|Any CPU.Build.0 = Release|Any CPU
		{6B0D6EBF-AB46-4BCB-BABA-F5C954E576F8}.Release|Any CPU.Deploy.0 = Release|Any CPU
	EndGlobalSection
	GlobalSection(SolutionProperties) = preSolution
		HideSolutionNode = FALSE
	EndGlobalSection
	GlobalSection(ExtensibilityGlobals) = postSolution
		SolutionGuid = {55B1B05C-1E0A-4B69-AC63-5C819E763E62}
	EndGlobalSection
EndGlobal
